# THIS IS AN AUTOGENERATED FILE. DO NOT EDIT THIS FILE DIRECTLY.
# yarn lockfile v1


"@babel/runtime@^7.23.9", "@babel/runtime@^7.3.1", "@babel/runtime@^7.5.5", "@babel/runtime@^7.8.3", "@babel/runtime@^7.8.7":
  version "7.24.0"
  resolved "https://registry.yarnpkg.com/@babel/runtime/-/runtime-7.24.0.tgz#584c450063ffda59697021430cb47101b085951e"
  integrity sha512-Chk32uHMg6TnQdvw2e9IlqPpFX/6NLuK0Ys2PqLb7/gL5uFn9mXvK715FGLlOLQrcO4qIkNHkvPGktzzXexsFw==
  dependencies:
    regenerator-runtime "^0.14.0"

"@emotion/cache@^11.11.0":
  version "11.11.0"
  resolved "https://registry.yarnpkg.com/@emotion/cache/-/cache-11.11.0.tgz#809b33ee6b1cb1a625fef7a45bc568ccd9b8f3ff"
  integrity sha512-P34z9ssTCBi3e9EI1ZsWpNHcfY1r09ZO0rZbRO2ob3ZQMnFI35jB536qoXbkdesr5EUhYi22anuEJuyxifaqAQ==
  dependencies:
    "@emotion/memoize" "^0.8.1"
    "@emotion/sheet" "^1.2.2"
    "@emotion/utils" "^1.2.1"
    "@emotion/weak-memoize" "^0.3.1"
    stylis "4.2.0"

"@emotion/hash@^0.9.1":
  version "0.9.1"
  resolved "https://registry.yarnpkg.com/@emotion/hash/-/hash-0.9.1.tgz#4ffb0055f7ef676ebc3a5a91fb621393294e2f43"
  integrity sha512-gJB6HLm5rYwSLI6PQa+X1t5CFGrv1J1TWG+sOyMCeKz2ojaj6Fnl/rZEspogG+cvqbt4AE/2eIyD2QfLKTBNlQ==

"@emotion/memoize@^0.8.1":
  version "0.8.1"
  resolved "https://registry.yarnpkg.com/@emotion/memoize/-/memoize-0.8.1.tgz#c1ddb040429c6d21d38cc945fe75c818cfb68e17"
  integrity sha512-W2P2c/VRW1/1tLox0mVUalvnWXxavmv/Oum2aPsRcoDJuob75FC3Y8FbpfLwUegRcxINtGUMPq0tFCvYNTBXNA==

"@emotion/sheet@^1.2.2":
  version "1.2.2"
  resolved "https://registry.yarnpkg.com/@emotion/sheet/-/sheet-1.2.2.tgz#d58e788ee27267a14342303e1abb3d508b6d0fec"
  integrity sha512-0QBtGvaqtWi+nx6doRwDdBIzhNdZrXUppvTM4dtZZWEGTXL/XE/yJxLMGlDT1Gt+UHH5IX1n+jkXyytE/av7OA==

"@emotion/utils@^1.2.1":
  version "1.2.1"
  resolved "https://registry.yarnpkg.com/@emotion/utils/-/utils-1.2.1.tgz#bbab58465738d31ae4cb3dbb6fc00a5991f755e4"
  integrity sha512-Y2tGf3I+XVnajdItskUCn6LX+VUDmP6lTL4fcqsXAv43dnlbZiuW4MWQW38rW/BVWSE7Q/7+XQocmpnRYILUmg==

"@emotion/weak-memoize@^0.3.1":
  version "0.3.1"
  resolved "https://registry.yarnpkg.com/@emotion/weak-memoize/-/weak-memoize-0.3.1.tgz#d0fce5d07b0620caa282b5131c297bb60f9d87e6"
  integrity sha512-EsBwpc7hBUJWAsNPBmJy4hxWx12v6bshQsldrVmjxJoc3isbxhOrF2IcCpaXxfvq03NwkI7sbsOLXbYuqF/8Ww==

"@floating-ui/core@^1.0.0":
  version "1.6.0"
  resolved "https://registry.yarnpkg.com/@floating-ui/core/-/core-1.6.0.tgz#fa41b87812a16bf123122bf945946bae3fdf7fc1"
  integrity sha512-PcF++MykgmTj3CIyOQbKA/hDzOAiqI3mhuoN44WRCopIs1sgoDoU4oty4Jtqaj/y3oDU6fnVSm4QG0a3t5i0+g==
  dependencies:
    "@floating-ui/utils" "^0.2.1"

"@floating-ui/dom@^1.6.1":
  version "1.6.3"
  resolved "https://registry.yarnpkg.com/@floating-ui/dom/-/dom-1.6.3.tgz#954e46c1dd3ad48e49db9ada7218b0985cee75ef"
  integrity sha512-RnDthu3mzPlQ31Ss/BTwQ1zjzIhr3lk1gZB1OC56h/1vEtaXkESrOqL5fQVMfXpwGtRwX+YsZBdyHtJMQnkArw==
  dependencies:
    "@floating-ui/core" "^1.0.0"
    "@floating-ui/utils" "^0.2.0"

"@floating-ui/react-dom@^2.0.8":
  version "2.0.8"
  resolved "https://registry.yarnpkg.com/@floating-ui/react-dom/-/react-dom-2.0.8.tgz#afc24f9756d1b433e1fe0d047c24bd4d9cefaa5d"
  integrity sha512-HOdqOt3R3OGeTKidaLvJKcgg75S6tibQ3Tif4eyd91QnIJWr0NLvoXFpJA/j8HqkFSL68GDca9AuyWEHlhyClw==
  dependencies:
    "@floating-ui/dom" "^1.6.1"

"@floating-ui/utils@^0.2.0", "@floating-ui/utils@^0.2.1":
  version "0.2.1"
  resolved "https://registry.yarnpkg.com/@floating-ui/utils/-/utils-0.2.1.tgz#16308cea045f0fc777b6ff20a9f25474dd8293d2"
  integrity sha512-9TANp6GPoMtYzQdt54kfAyMmz1+osLlXdg2ENroU7zzrtflTLrrC/lgrIfaSe+Wu0b89GKccT7vxXA0MoAIO+Q==

"@mui/base@5.0.0-beta.38":
  version "5.0.0-beta.38"
  resolved "https://registry.yarnpkg.com/@mui/base/-/base-5.0.0-beta.38.tgz#0d79c1158d18d9decfc8fa3ab87b4830a49cf952"
  integrity sha512-AsjD6Y1X5A1qndxz8xCcR8LDqv31aiwlgWMPxFAX/kCKiIGKlK65yMeVZ62iQr/6LBz+9hSKLiD1i4TZdAHKcQ==
  dependencies:
    "@babel/runtime" "^7.23.9"
    "@floating-ui/react-dom" "^2.0.8"
    "@mui/types" "^7.2.13"
    "@mui/utils" "^5.15.12"
    "@popperjs/core" "^2.11.8"
    clsx "^2.1.0"
    prop-types "^15.8.1"

"@mui/core-downloads-tracker@^5.15.12":
  version "5.15.12"
  resolved "https://registry.yarnpkg.com/@mui/core-downloads-tracker/-/core-downloads-tracker-5.15.12.tgz#f3da6ff16c753ab8b2f8d401c1e1534ba8a8a9a9"
  integrity sha512-brRO+tMFLpGyjEYHrX97bzqeF6jZmKpqqe1rY0LyIHAwP6xRVzh++zSecOQorDOCaZJg4XkGT9xfD+RWOWxZBA==

"@mui/icons-material@^5.15.12":
  version "5.15.12"
  resolved "https://registry.yarnpkg.com/@mui/icons-material/-/icons-material-5.15.12.tgz#30638c5dd4d40ecabea1579bbfa7394565c54474"
  integrity sha512-3BXiDlOd3AexZoEXa/VqpIpVIvosCzjLHsdMWzKMXbZdnBiJjmb9ECdqfjn5SpTClO49qvkKLhkTqdBH3fSFGw==
  dependencies:
    "@babel/runtime" "^7.23.9"

"@mui/material@^5.15.12":
  version "5.15.12"
  resolved "https://registry.yarnpkg.com/@mui/material/-/material-5.15.12.tgz#08d6582e4037f45df510f3bce51fa06b38a9a676"
  integrity sha512-vXJGg6KNKucsvbW6l7w9zafnpOp0CWc0Wx4mDykuABTpQ5QQBnZxP7+oB4yAS1hDZQ1WobbeIl0CjxK4EEahkA==
  dependencies:
    "@babel/runtime" "^7.23.9"
    "@mui/base" "5.0.0-beta.38"
    "@mui/core-downloads-tracker" "^5.15.12"
    "@mui/system" "^5.15.12"
    "@mui/types" "^7.2.13"
    "@mui/utils" "^5.15.12"
    "@types/react-transition-group" "^4.4.10"
    clsx "^2.1.0"
    csstype "^3.1.3"
    prop-types "^15.8.1"
    react-is "^18.2.0"
    react-transition-group "^4.4.5"

"@mui/private-theming@^5.15.12":
  version "5.15.12"
  resolved "https://registry.yarnpkg.com/@mui/private-theming/-/private-theming-5.15.12.tgz#e3ac99b3dbfa6ecc6e914009df33a2d400432f6e"
  integrity sha512-cqoSo9sgA5HE+8vZClbLrq9EkyOnYysooepi5eKaKvJ41lReT2c5wOZAeDDM1+xknrMDos+0mT2zr3sZmUiRRA==
  dependencies:
    "@babel/runtime" "^7.23.9"
    "@mui/utils" "^5.15.12"
    prop-types "^15.8.1"

"@mui/styled-engine@^5.15.11":
  version "5.15.11"
  resolved "https://registry.yarnpkg.com/@mui/styled-engine/-/styled-engine-5.15.11.tgz#040181f31910e0f66d43a5c44fe89da06b34212b"
  integrity sha512-So21AhAngqo07ces4S/JpX5UaMU2RHXpEA6hNzI6IQjd/1usMPxpgK8wkGgTe3JKmC2KDmH8cvoycq5H3Ii7/w==
  dependencies:
    "@babel/runtime" "^7.23.9"
    "@emotion/cache" "^11.11.0"
    csstype "^3.1.3"
    prop-types "^15.8.1"

"@mui/styles@^5.15.12":
  version "5.15.12"
  resolved "https://registry.yarnpkg.com/@mui/styles/-/styles-5.15.12.tgz#2e42e8a663f55fb22f5ac79c5071db31701a2f47"
  integrity sha512-1dBGLPAR3BhlmKorKhP9XK2wIH1M6BVSfws7agbWaS3atM4fApa0pZic4wjiTyNo7o6N5Lg2wZSnl1wUv/nCmA==
  dependencies:
    "@babel/runtime" "^7.23.9"
    "@emotion/hash" "^0.9.1"
    "@mui/private-theming" "^5.15.12"
    "@mui/types" "^7.2.13"
    "@mui/utils" "^5.15.12"
    clsx "^2.1.0"
    csstype "^3.1.3"
    hoist-non-react-statics "^3.3.2"
    jss "^10.10.0"
    jss-plugin-camel-case "^10.10.0"
    jss-plugin-default-unit "^10.10.0"
    jss-plugin-global "^10.10.0"
    jss-plugin-nested "^10.10.0"
    jss-plugin-props-sort "^10.10.0"
    jss-plugin-rule-value-function "^10.10.0"
    jss-plugin-vendor-prefixer "^10.10.0"
    prop-types "^15.8.1"

"@mui/system@^5.15.12":
  version "5.15.12"
  resolved "https://registry.yarnpkg.com/@mui/system/-/system-5.15.12.tgz#852cf7c339eb61703196f56c36fc93206136eb20"
  integrity sha512-/pq+GO6yN3X7r3hAwFTrzkAh7K1bTF5r8IzS79B9eyKJg7v6B/t4/zZYMR6OT9qEPtwf6rYN2Utg1e6Z7F1OgQ==
  dependencies:
    "@babel/runtime" "^7.23.9"
    "@mui/private-theming" "^5.15.12"
    "@mui/styled-engine" "^5.15.11"
    "@mui/types" "^7.2.13"
    "@mui/utils" "^5.15.12"
    clsx "^2.1.0"
    csstype "^3.1.3"
    prop-types "^15.8.1"

"@mui/types@^7.2.13":
  version "7.2.13"
  resolved "https://registry.yarnpkg.com/@mui/types/-/types-7.2.13.tgz#d1584912942f9dc042441ecc2d1452be39c666b8"
  integrity sha512-qP9OgacN62s+l8rdDhSFRe05HWtLLJ5TGclC9I1+tQngbssu0m2dmFZs+Px53AcOs9fD7TbYd4gc9AXzVqO/+g==

"@mui/utils@^5.15.12":
  version "5.15.12"
  resolved "https://registry.yarnpkg.com/@mui/utils/-/utils-5.15.12.tgz#bd00b678c16b98c543d4c6c560f9c90e6792b2a7"
  integrity sha512-8SDGCnO2DY9Yy+5bGzu00NZowSDtuyHP4H8gunhHGQoIlhlY2Z3w64wBzAOLpYw/ZhJNzksDTnS/i8qdJvxuow==
  dependencies:
    "@babel/runtime" "^7.23.9"
    "@types/prop-types" "^15.7.11"
    prop-types "^15.8.1"
    react-is "^18.2.0"

"@popperjs/core@^2.11.8":
  version "2.11.8"
  resolved "https://registry.yarnpkg.com/@popperjs/core/-/core-2.11.8.tgz#6b79032e760a0899cd4204710beede972a3a185f"
  integrity sha512-P1st0aksCrn9sGZhp8GMYwBnQsbvAWsZAX44oXNNvLHGqAOcoVxmjZiohstwQ7SqKnbR47akdNi+uleWD8+g6A==

"@types/draft-js@^0.11.5":
  version "0.11.18"
  resolved "https://registry.yarnpkg.com/@types/draft-js/-/draft-js-0.11.18.tgz#f2cad2178987fdd444827a2f7809a653f82a70ad"
  integrity sha512-lP6yJ+EKv5tcG1dflWgDKeezdwBa8wJ7KkiNrrHqXuXhl/VGes1SKjEfKHDZqOz19KQbrAhFvNhDPWwnQXYZGQ==
  dependencies:
    "@types/react" "*"
    immutable "~3.7.4"

"@types/prop-types@*", "@types/prop-types@^15.7.11":
  version "15.7.11"
  resolved "https://registry.yarnpkg.com/@types/prop-types/-/prop-types-15.7.11.tgz#2596fb352ee96a1379c657734d4b913a613ad563"
  integrity sha512-ga8y9v9uyeiLdpKddhxYQkxNDrfvuPrlFb0N1qnZZByvcElJaXthF1UhvCh9TLWJBEHeNtdnbysW7Y6Uq8CVng==

"@types/react-transition-group@^4.4.10":
  version "4.4.10"
  resolved "https://registry.yarnpkg.com/@types/react-transition-group/-/react-transition-group-4.4.10.tgz#6ee71127bdab1f18f11ad8fb3322c6da27c327ac"
  integrity sha512-hT/+s0VQs2ojCX823m60m5f0sL5idt9SO6Tj6Dg+rdphGPIeJbJ6CxvBYkgkGKrYeDjvIpKTR38UzmtHJOGW3Q==
  dependencies:
    "@types/react" "*"

"@types/react@*":
  version "18.2.64"
  resolved "https://registry.yarnpkg.com/@types/react/-/react-18.2.64.tgz#3700fbb6b2fa60a6868ec1323ae4cbd446a2197d"
  integrity sha512-MlmPvHgjj2p3vZaxbQgFUQFvD8QiZwACfGqEdDSWou5yISWxDQ4/74nCAwsUiX7UFLKZz3BbVSPj+YxeoGGCfg==
  dependencies:
    "@types/prop-types" "*"
    "@types/scheduler" "*"
    csstype "^3.0.2"

"@types/scheduler@*":
  version "0.16.8"
  resolved "https://registry.yarnpkg.com/@types/scheduler/-/scheduler-0.16.8.tgz#ce5ace04cfeabe7ef87c0091e50752e36707deff"
  integrity sha512-WZLiwShhwLRmeV6zH+GkbOFT6Z6VklCItrDioxUnv+u4Ll+8vKeFySoFyK/0ctcRpOmwAicELfmys1sDc/Rw+A==

asap@~2.0.3:
  version "2.0.6"
  resolved "https://registry.yarnpkg.com/asap/-/asap-2.0.6.tgz#e50347611d7e690943208bbdafebcbc2fb866d46"
  integrity sha512-BSHWgDSAiKs50o2Re8ppvp3seVHXSRM44cdSsT9FfNEUUZLOGWVCsiWaRPWM1Znn+mqZ1OfVZ3z3DWEzSp7hRA==

classnames@^2.3.1:
  version "2.5.1"
  resolved "https://registry.yarnpkg.com/classnames/-/classnames-2.5.1.tgz#ba774c614be0f016da105c858e7159eae8e7687b"
  integrity sha512-saHYOzhIQs6wy2sVxTM6bUDsQO4F50V9RQ22qBpEdCW+I+/Wmke2HOl6lS6dTpdxVhb88/I6+Hs+438c3lfUow==

clsx@^2.1.0:
  version "2.1.0"
  resolved "https://registry.yarnpkg.com/clsx/-/clsx-2.1.0.tgz#e851283bcb5c80ee7608db18487433f7b23f77cb"
  integrity sha512-m3iNNWpd9rl3jvvcBnu70ylMdrXt8Vlq4HYadnU5fwcOtvkSQWPmj7amUcDT2qYI7risszBjI5AUIUox9D16pg==

core-js@^3.6.4:
  version "3.36.0"
  resolved "https://registry.yarnpkg.com/core-js/-/core-js-3.36.0.tgz#e752fa0b0b462a0787d56e9d73f80b0f7c0dde68"
  integrity sha512-mt7+TUBbTFg5+GngsAxeKBTl5/VS0guFeJacYge9OmHb+m058UwwIm41SE9T4Den7ClatV57B6TYTuJ0CX1MAw==

cross-fetch@^3.0.4:
  version "3.1.8"
  resolved "https://registry.yarnpkg.com/cross-fetch/-/cross-fetch-3.1.8.tgz#0327eba65fd68a7d119f8fb2bf9334a1a7956f82"
  integrity sha512-cvA+JwZoU0Xq+h6WkMvAUqPEYy92Obet6UdKLfW60qn99ftItKjB5T+BkyWOFWe2pUyfQ+IJHmpOTznqk1M6Kg==
  dependencies:
    node-fetch "^2.6.12"

css-vendor@^2.0.8:
  version "2.0.8"
  resolved "https://registry.yarnpkg.com/css-vendor/-/css-vendor-2.0.8.tgz#e47f91d3bd3117d49180a3c935e62e3d9f7f449d"
  integrity sha512-x9Aq0XTInxrkuFeHKbYC7zWY8ai7qJ04Kxd9MnvbC1uO5DagxoHQjm4JvG+vCdXOoFtCjbL2XSZfxmoYa9uQVQ==
  dependencies:
    "@babel/runtime" "^7.8.3"
    is-in-browser "^1.0.2"

csstype@^3.0.2, csstype@^3.1.3:
  version "3.1.3"
  resolved "https://registry.yarnpkg.com/csstype/-/csstype-3.1.3.tgz#d80ff294d114fb0e6ac500fbf85b60137d7eff81"
  integrity sha512-M1uQkMl8rQK/szD0LNhtqxIPLpimGm8sOBwU7lLnCpSbTyY3yeU1Vc7l4KT5zT4s/yOxHH5O7tIuuLOCnLADRw==

dom-helpers@^5.0.1:
  version "5.2.1"
  resolved "https://registry.yarnpkg.com/dom-helpers/-/dom-helpers-5.2.1.tgz#d9400536b2bf8225ad98fe052e029451ac40e902"
  integrity sha512-nRCa7CK3VTrM2NmGkIy4cbK7IZlgBE/PYMn55rrXefr5xXDP0LdtfPnblFDoVdcAfslJ7or6iqAUnx0CCGIWQA==
  dependencies:
    "@babel/runtime" "^7.8.7"
    csstype "^3.0.2"

draft-js@^0.11.7:
  version "0.11.7"
  resolved "https://registry.yarnpkg.com/draft-js/-/draft-js-0.11.7.tgz#be293aaa255c46d8a6647f3860aa4c178484a206"
  integrity sha512-ne7yFfN4sEL82QPQEn80xnADR8/Q6ALVworbC5UOSzOvjffmYfFsr3xSZtxbIirti14R7Y33EZC5rivpLgIbsg==
  dependencies:
    fbjs "^2.0.0"
    immutable "~3.7.4"
    object-assign "^4.1.1"

fbjs-css-vars@^1.0.0:
  version "1.0.2"
  resolved "https://registry.yarnpkg.com/fbjs-css-vars/-/fbjs-css-vars-1.0.2.tgz#216551136ae02fe255932c3ec8775f18e2c078b8"
  integrity sha512-b2XGFAFdWZWg0phtAWLHCk836A1Xann+I+Dgd3Gk64MHKZO44FfoD1KxyvbSh0qZsIoXQGGlVztIY+oitJPpRQ==

fbjs@^2.0.0:
  version "2.0.0"
  resolved "https://registry.yarnpkg.com/fbjs/-/fbjs-2.0.0.tgz#01fb812138d7e31831ed3e374afe27b9169ef442"
  integrity sha512-8XA8ny9ifxrAWlyhAbexXcs3rRMtxWcs3M0lctLfB49jRDHiaxj+Mo0XxbwE7nKZYzgCFoq64FS+WFd4IycPPQ==
  dependencies:
    core-js "^3.6.4"
    cross-fetch "^3.0.4"
    fbjs-css-vars "^1.0.0"
    loose-envify "^1.0.0"
    object-assign "^4.1.0"
    promise "^7.1.1"
    setimmediate "^1.0.5"
    ua-parser-js "^0.7.18"

hoist-non-react-statics@^3.3.2:
  version "3.3.2"
  resolved "https://registry.yarnpkg.com/hoist-non-react-statics/-/hoist-non-react-statics-3.3.2.tgz#ece0acaf71d62c2969c2ec59feff42a4b1a85b45"
  integrity sha512-/gGivxi8JPKWNm/W0jSmzcMPpfpPLc3dY/6GxhX2hQ9iGj3aDfklV4ET7NjKpSinLpJ5vafa9iiGIEZg10SfBw==
  dependencies:
    react-is "^16.7.0"

hyphenate-style-name@^1.0.3:
  version "1.0.4"
  resolved "https://registry.yarnpkg.com/hyphenate-style-name/-/hyphenate-style-name-1.0.4.tgz#691879af8e220aea5750e8827db4ef62a54e361d"
  integrity sha512-ygGZLjmXfPHj+ZWh6LwbC37l43MhfztxetbFCoYTM2VjkIUpeHgSNn7QIyVFj7YQ1Wl9Cbw5sholVJPzWvC2MQ==

immutable@^3.8.2:
  version "3.8.2"
  resolved "https://registry.yarnpkg.com/immutable/-/immutable-3.8.2.tgz#c2439951455bb39913daf281376f1530e104adf3"
  integrity sha512-15gZoQ38eYjEjxkorfbcgBKBL6R7T459OuK+CpcWt7O3KF4uPCx2tD0uFETlUDIyo+1789crbMhTvQBSR5yBMg==

immutable@~3.7.4:
  version "3.7.6"
  resolved "https://registry.yarnpkg.com/immutable/-/immutable-3.7.6.tgz#13b4d3cb12befa15482a26fe1b2ebae640071e4b"
  integrity sha512-AizQPcaofEtO11RZhPPHBOJRdo/20MKQF9mBLnVkBoyHi1/zXK8fzVdnEpSV9gxqtnh6Qomfp3F0xT5qP/vThw==

is-in-browser@^1.0.2, is-in-browser@^1.1.3:
  version "1.1.3"
  resolved "https://registry.yarnpkg.com/is-in-browser/-/is-in-browser-1.1.3.tgz#56ff4db683a078c6082eb95dad7dc62e1d04f835"
  integrity sha512-FeXIBgG/CPGd/WUxuEyvgGTEfwiG9Z4EKGxjNMRqviiIIfsmgrpnHLffEDdwUHqNva1VEW91o3xBT/m8Elgl9g==

"js-tokens@^3.0.0 || ^4.0.0":
  version "4.0.0"
  resolved "https://registry.yarnpkg.com/js-tokens/-/js-tokens-4.0.0.tgz#19203fb59991df98e3a287050d4647cdeaf32499"
  integrity sha512-RdJUflcE3cUzKiMqQgsCu06FPu9UdIJO0beYbPhHN4k6apgJtifcoCtT9bcxOpYBtpD2kCM6Sbzg4CausW/PKQ==

jss-plugin-camel-case@^10.10.0:
  version "10.10.0"
  resolved "https://registry.yarnpkg.com/jss-plugin-camel-case/-/jss-plugin-camel-case-10.10.0.tgz#27ea159bab67eb4837fa0260204eb7925d4daa1c"
  integrity sha512-z+HETfj5IYgFxh1wJnUAU8jByI48ED+v0fuTuhKrPR+pRBYS2EDwbusU8aFOpCdYhtRc9zhN+PJ7iNE8pAWyPw==
  dependencies:
    "@babel/runtime" "^7.3.1"
    hyphenate-style-name "^1.0.3"
    jss "10.10.0"

jss-plugin-default-unit@^10.10.0:
  version "10.10.0"
  resolved "https://registry.yarnpkg.com/jss-plugin-default-unit/-/jss-plugin-default-unit-10.10.0.tgz#db3925cf6a07f8e1dd459549d9c8aadff9804293"
  integrity sha512-SvpajxIECi4JDUbGLefvNckmI+c2VWmP43qnEy/0eiwzRUsafg5DVSIWSzZe4d2vFX1u9nRDP46WCFV/PXVBGQ==
  dependencies:
    "@babel/runtime" "^7.3.1"
    jss "10.10.0"

jss-plugin-global@^10.10.0:
  version "10.10.0"
  resolved "https://registry.yarnpkg.com/jss-plugin-global/-/jss-plugin-global-10.10.0.tgz#1c55d3c35821fab67a538a38918292fc9c567efd"
  integrity sha512-icXEYbMufiNuWfuazLeN+BNJO16Ge88OcXU5ZDC2vLqElmMybA31Wi7lZ3lf+vgufRocvPj8443irhYRgWxP+A==
  dependencies:
    "@babel/runtime" "^7.3.1"
    jss "10.10.0"

jss-plugin-nested@^10.10.0:
  version "10.10.0"
  resolved "https://registry.yarnpkg.com/jss-plugin-nested/-/jss-plugin-nested-10.10.0.tgz#db872ed8925688806e77f1fc87f6e62264513219"
  integrity sha512-9R4JHxxGgiZhurDo3q7LdIiDEgtA1bTGzAbhSPyIOWb7ZubrjQe8acwhEQ6OEKydzpl8XHMtTnEwHXCARLYqYA==
  dependencies:
    "@babel/runtime" "^7.3.1"
    jss "10.10.0"
    tiny-warning "^1.0.2"

jss-plugin-props-sort@^10.10.0:
  version "10.10.0"
  resolved "https://registry.yarnpkg.com/jss-plugin-props-sort/-/jss-plugin-props-sort-10.10.0.tgz#67f4dd4c70830c126f4ec49b4b37ccddb680a5d7"
  integrity sha512-5VNJvQJbnq/vRfje6uZLe/FyaOpzP/IH1LP+0fr88QamVrGJa0hpRRyAa0ea4U/3LcorJfBFVyC4yN2QC73lJg==
  dependencies:
    "@babel/runtime" "^7.3.1"
    jss "10.10.0"

jss-plugin-rule-value-function@^10.10.0:
  version "10.10.0"
  resolved "https://registry.yarnpkg.com/jss-plugin-rule-value-function/-/jss-plugin-rule-value-function-10.10.0.tgz#7d99e3229e78a3712f78ba50ab342e881d26a24b"
  integrity sha512-uEFJFgaCtkXeIPgki8ICw3Y7VMkL9GEan6SqmT9tqpwM+/t+hxfMUdU4wQ0MtOiMNWhwnckBV0IebrKcZM9C0g==
  dependencies:
    "@babel/runtime" "^7.3.1"
    jss "10.10.0"
    tiny-warning "^1.0.2"

jss-plugin-vendor-prefixer@^10.10.0:
  version "10.10.0"
  resolved "https://registry.yarnpkg.com/jss-plugin-vendor-prefixer/-/jss-plugin-vendor-prefixer-10.10.0.tgz#c01428ef5a89f2b128ec0af87a314d0c767931c7"
  integrity sha512-UY/41WumgjW8r1qMCO8l1ARg7NHnfRVWRhZ2E2m0DMYsr2DD91qIXLyNhiX83hHswR7Wm4D+oDYNC1zWCJWtqg==
  dependencies:
    "@babel/runtime" "^7.3.1"
    css-vendor "^2.0.8"
    jss "10.10.0"

jss@10.10.0, jss@^10.10.0:
  version "10.10.0"
  resolved "https://registry.yarnpkg.com/jss/-/jss-10.10.0.tgz#a75cc85b0108c7ac8c7b7d296c520a3e4fbc6ccc"
  integrity sha512-cqsOTS7jqPsPMjtKYDUpdFC0AbhYFLTcuGRqymgmdJIeQ8cH7+AgX7YSgQy79wXloZq2VvATYxUOUQEvS1V/Zw==
  dependencies:
    "@babel/runtime" "^7.3.1"
    csstype "^3.0.2"
    is-in-browser "^1.1.3"
    tiny-warning "^1.0.2"

loose-envify@^1.0.0, loose-envify@^1.1.0, loose-envify@^1.4.0:
  version "1.4.0"
  resolved "https://registry.yarnpkg.com/loose-envify/-/loose-envify-1.4.0.tgz#71ee51fa7be4caec1a63839f7e682d8132d30caf"
  integrity sha512-lyuxPGr/Wfhrlem2CL/UcnUc1zcqKAImBDzukY7Y5F/yQiNdko6+fRLevlw1HgMySw7f611UIY408EtxRSoK3Q==
  dependencies:
    js-tokens "^3.0.0 || ^4.0.0"

mui-rte@^2.0.1:
  version "2.0.1"
  resolved "https://registry.yarnpkg.com/mui-rte/-/mui-rte-2.0.1.tgz#d9f0df4635265812ec411eb7ccb0576e566b0e16"
  integrity sha512-bFr+IDefwLlKwkzn2wnrH1GXy73vUtUhCMLyIbqJ4s7ge7LKnh7OxIYczU4Rd36rT0jXlLhLmkwnCRf35rTb0A==
  dependencies:
    "@types/draft-js" "^0.11.5"
    classnames "^2.3.1"
    draft-js "^0.11.7"
    immutable "^3.8.2"

node-fetch@^2.6.12:
  version "2.7.0"
  resolved "https://registry.yarnpkg.com/node-fetch/-/node-fetch-2.7.0.tgz#d0f0fa6e3e2dc1d27efcd8ad99d550bda94d187d"
  integrity sha512-c4FRfUm/dbcWZ7U+1Wq0AwCyFL+3nt2bEw05wfxSz+DWpWsitgmSgYmy2dQdWyKC1694ELPqMs/YzUSNozLt8A==
  dependencies:
    whatwg-url "^5.0.0"

object-assign@^4.1.0, object-assign@^4.1.1:
  version "4.1.1"
  resolved "https://registry.yarnpkg.com/object-assign/-/object-assign-4.1.1.tgz#2109adc7965887cfc05cbbd442cac8bfbb360863"
  integrity sha512-rJgTQnkUnH1sFw8yT6VSU3zD3sWmu6sZhIseY8VX+GRu3P6F7Fu+JNDoXfklElbLJSnc3FUQHVe4cU5hj+BcUg==

promise@^7.1.1:
  version "7.3.1"
  resolved "https://registry.yarnpkg.com/promise/-/promise-7.3.1.tgz#064b72602b18f90f29192b8b1bc418ffd1ebd3bf"
  integrity sha512-nolQXZ/4L+bP/UGlkfaIujX9BKxGwmQ9OT4mOt5yvy8iK1h3wqTEJCijzGANTCCl9nWjY41juyAn2K3Q1hLLTg==
  dependencies:
    asap "~2.0.3"

prop-types@^15.6.2, prop-types@^15.8.1:
  version "15.8.1"
  resolved "https://registry.yarnpkg.com/prop-types/-/prop-types-15.8.1.tgz#67d87bf1a694f48435cf332c24af10214a3140b5"
  integrity sha512-oj87CgZICdulUohogVAR7AjlC0327U4el4L6eAvOqCeudMDVU0NThNaV+b9Df4dXgSP1gXMTnPdhfe/2qDH5cg==
  dependencies:
    loose-envify "^1.4.0"
    object-assign "^4.1.1"
    react-is "^16.13.1"

react-dom@^17.0.0:
  version "17.0.2"
  resolved "https://registry.yarnpkg.com/react-dom/-/react-dom-17.0.2.tgz#ecffb6845e3ad8dbfcdc498f0d0a939736502c23"
  integrity sha512-s4h96KtLDUQlsENhMn1ar8t2bEa+q/YAtj8pPPdIjPDGBDIVNsrD9aXNWqspUe6AzKCIG0C1HZZLqLV7qpOBGA==
  dependencies:
    loose-envify "^1.1.0"
    object-assign "^4.1.1"
    scheduler "^0.20.2"

react-is@^16.13.1, react-is@^16.7.0:
  version "16.13.1"
  resolved "https://registry.yarnpkg.com/react-is/-/react-is-16.13.1.tgz#789729a4dc36de2999dc156dd6c1d9c18cea56a4"
  integrity sha512-24e6ynE2H+OKt4kqsOvNd8kBpV65zoxbA4BVsEOB3ARVWQki/DHzaUoC5KuON/BiccDaCCTZBuOcfZs70kR8bQ==

react-is@^18.2.0:
  version "18.2.0"
  resolved "https://registry.yarnpkg.com/react-is/-/react-is-18.2.0.tgz#199431eeaaa2e09f86427efbb4f1473edb47609b"
  integrity sha512-xWGDIW6x921xtzPkhiULtthJHoJvBbF3q26fzloPCK0hsvxtPVelvftw3zjbHWSkR2km9Z+4uxbDDK/6Zw9B8w==

react-transition-group@^4.4.5:
  version "4.4.5"
  resolved "https://registry.yarnpkg.com/react-transition-group/-/react-transition-group-4.4.5.tgz#e53d4e3f3344da8521489fbef8f2581d42becdd1"
  integrity sha512-pZcd1MCJoiKiBR2NRxeCRg13uCXbydPnmB4EOeRrY7480qNWO8IIgQG6zlDkm6uRMsURXPuKq0GWtiM59a5Q6g==
  dependencies:
    "@babel/runtime" "^7.5.5"
    dom-helpers "^5.0.1"
    loose-envify "^1.4.0"
    prop-types "^15.6.2"

react@^17.0.0:
  version "17.0.2"
  resolved "https://registry.yarnpkg.com/react/-/react-17.0.2.tgz#d0b5cc516d29eb3eee383f75b62864cfb6800037"
  integrity sha512-gnhPt75i/dq/z3/6q/0asP78D0u592D5L1pd7M8P+dck6Fu/jJeL6iVVK23fptSUZj8Vjf++7wXA8UNclGQcbA==
  dependencies:
    loose-envify "^1.1.0"
    object-assign "^4.1.1"

regenerator-runtime@^0.14.0:
  version "0.14.1"
  resolved "https://registry.yarnpkg.com/regenerator-runtime/-/regenerator-runtime-0.14.1.tgz#356ade10263f685dda125100cd862c1db895327f"
  integrity sha512-dYnhHh0nJoMfnkZs6GmmhFknAGRrLznOu5nc9ML+EJxGvrx6H7teuevqVqCuPcPK//3eDrrjQhehXVx9cnkGdw==

scheduler@^0.20.2:
  version "0.20.2"
  resolved "https://registry.yarnpkg.com/scheduler/-/scheduler-0.20.2.tgz#4baee39436e34aa93b4874bddcbf0fe8b8b50e91"
  integrity sha512-2eWfGgAqqWFGqtdMmcL5zCMK1U8KlXv8SQFGglL3CEtd0aDVDWgeF/YoCmvln55m5zSk3J/20hTaSBeSObsQDQ==
  dependencies:
    loose-envify "^1.1.0"
    object-assign "^4.1.1"

setimmediate@^1.0.5:
  version "1.0.5"
  resolved "https://registry.yarnpkg.com/setimmediate/-/setimmediate-1.0.5.tgz#290cbb232e306942d7d7ea9b83732ab7856f8285"
  integrity sha512-MATJdZp8sLqDl/68LfQmbP8zKPLQNV6BIZoIgrscFDQ+RsvK/BxeDQOgyxKKoh0y/8h3BqVFnCqQ/gd+reiIXA==

stylis@4.2.0:
  version "4.2.0"
  resolved "https://registry.yarnpkg.com/stylis/-/stylis-4.2.0.tgz#79daee0208964c8fe695a42fcffcac633a211a51"
  integrity sha512-Orov6g6BB1sDfYgzWfTHDOxamtX1bE/zo104Dh9e6fqJ3PooipYyfJ0pUmrZO2wAvO8YbEyeFrkV91XTsGMSrw==

tiny-warning@^1.0.2:
  version "1.0.3"
  resolved "https://registry.yarnpkg.com/tiny-warning/-/tiny-warning-1.0.3.tgz#94a30db453df4c643d0fd566060d60a875d84754"
  integrity sha512-lBN9zLN/oAf68o3zNXYrdCt1kP8WsiGW8Oo2ka41b2IM5JL/S1CTyX1rW0mb/zSuJun0ZUrDxx4sqvYS2FWzPA==

tr46@~0.0.3:
  version "0.0.3"
  resolved "https://registry.yarnpkg.com/tr46/-/tr46-0.0.3.tgz#8184fd347dac9cdc185992f3a6622e14b9d9ab6a"
  integrity sha512-N3WMsuqV66lT30CrXNbEjx4GEwlow3v6rr4mCcv6prnfwhS01rkgyFdjPNBYd9br7LpXV1+Emh01fHnq2Gdgrw==

ua-parser-js@^0.7.18:
  version "0.7.37"
  resolved "https://registry.yarnpkg.com/ua-parser-js/-/ua-parser-js-0.7.37.tgz#e464e66dac2d33a7a1251d7d7a99d6157ec27832"
  integrity sha512-xV8kqRKM+jhMvcHWUKthV9fNebIzrNy//2O9ZwWcfiBFR5f25XVZPLlEajk/sf3Ra15V92isyQqnIEXRDaZWEA==

webidl-conversions@^3.0.0:
  version "3.0.1"
  resolved "https://registry.yarnpkg.com/webidl-conversions/-/webidl-conversions-3.0.1.tgz#24534275e2a7bc6be7bc86611cc16ae0a5654871"
  integrity sha512-2JAn3z8AR6rjK8Sm8orRC0h/bcl/DqL7tRPdGZ4I1CjdF+EaMLmYxBHyXuKL849eucPFhvBoxMsflfOb8kxaeQ==

whatwg-url@^5.0.0:
  version "5.0.0"
  resolved "https://registry.yarnpkg.com/whatwg-url/-/whatwg-url-5.0.0.tgz#966454e8765462e37644d3626f6742ce8b70965d"
  integrity sha512-saE57nupxk6v3HY35+jzBwYa0rKSy0XR8JSxZPwgLr7ys0IBzhGviA1/TUGJLmSVqs8pb9AnvICXEuOHLprYTw==
  dependencies:
    tr46 "~0.0.3"
    webidl-conversions "^3.0.0"
